// !$*UTF8*$!
{
	archiveVersion = 1;
	classes = {
	};
	objectVersion = 46;
	objects = {

/* Begin PBXBuildFile section */
		DEB6C2881C39CB1500F3A9D9 /* AppDelegate.swift in Sources */ = {isa = PBXBuildFile; fileRef = DEB6C2871C39CB1500F3A9D9 /* AppDelegate.swift */; };
		DEB6C28A1C39CB1500F3A9D9 /* ViewController.swift in Sources */ = {isa = PBXBuildFile; fileRef = DEB6C2891C39CB1500F3A9D9 /* ViewController.swift */; };
		DEB6C28D1C39CB1500F3A9D9 /* Main.storyboard in Resources */ = {isa = PBXBuildFile; fileRef = DEB6C28B1C39CB1500F3A9D9 /* Main.storyboard */; };
		DEB6C28F1C39CB1500F3A9D9 /* Assets.xcassets in Resources */ = {isa = PBXBuildFile; fileRef = DEB6C28E1C39CB1500F3A9D9 /* Assets.xcassets */; };
		DEB6C2921C39CB1500F3A9D9 /* LaunchScreen.storyboard in Resources */ = {isa = PBXBuildFile; fileRef = DEB6C2901C39CB1500F3A9D9 /* LaunchScreen.storyboard */; };
/* End PBXBuildFile section */

/* Begin PBXFileReference section */
		DEB6C2841C39CB1500F3A9D9 /* PickThree.app */ = {isa = PBXFileReference; explicitFileType = wrapper.application; includeInIndex = 0; path = PickThree.app; sourceTree = BUILT_PRODUCTS_DIR; };
		DEB6C2871C39CB1500F3A9D9 /* AppDelegate.swift */ = {isa = PBXFileReference; lastKnownFileType = sourcecode.swift; path = AppDelegate.swift; sourceTree = "<group>"; };
		DEB6C2891C39CB1500F3A9D9 /* ViewController.swift */ = {isa = PBXFileReference; lastKnownFileType = sourcecode.swift; path = ViewController.swift; sourceTree = "<group>"; };
		DEB6C28C1C39CB1500F3A9D9 /* Base */ = {isa = PBXFileReference; lastKnownFileType = file.storyboard; name = Base; path = Base.lproj/Main.storyboard; sourceTree = "<group>"; };
		DEB6C28E1C39CB1500F3A9D9 /* Assets.xcassets */ = {isa = PBXFileReference; lastKnownFileType = folder.assetcatalog; path = Assets.xcassets; sourceTree = "<group>"; };
		DEB6C2911C39CB1500F3A9D9 /* Base */ = {isa = PBXFileReference; lastKnownFileType = file.storyboard; name = Base; path = Base.lproj/LaunchScreen.storyboard; sourceTree = "<group>"; };
		DEB6C2931C39CB1500F3A9D9 /* Info.plist */ = {isa = PBXFileReference; lastKnownFileType = text.plist.xml; path = Info.plist; sourceTree = "<group>"; };
/* End PBXFileReference section */

/* Begin PBXFrameworksBuildPhase section */
		DEB6C2811C39CB1500F3A9D9 /* Frameworks */ = {
			isa = PBXFrameworksBuildPhase;
			buildActionMask = 2147483647;
			files = (
			);
			runOnlyForDeploymentPostprocessing = 0;
		};
/* End PBXFrameworksBuildPhase section */

/* Begin PBXGroup section */
		DEB6C27B1C39CB1500F3A9D9 = {
			isa = PBXGroup;
			children = (
				DEB6C2861C39CB1500F3A9D9 /* PickThree */,
				DEB6C2851C39CB1500F3A9D9 /* Products */,
			);
			sourceTree = "<group>";
		};
		DEB6C2851C39CB1500F3A9D9 /* Products */ = {
			isa = PBXGroup;
			children = (
				DEB6C2841C39CB1500F3A9D9 /* PickThree.app */,
			);
			name = Products;
			sourceTree = "<group>";
		};
		DEB6C2861C39CB1500F3A9D9 /* PickThree */ = {
			isa = PBXGroup;
			children = (
				DEB6C2871C39CB1500F3A9D9 /* AppDelegate.swift */,
				DEB6C2891C39CB1500F3A9D9 /* ViewController.swift */,
				DEB6C28B1C39CB1500F3A9D9 /* Main.storyboard */,
				DEB6C28E1C39CB1500F3A9D9 /* Assets.xcassets */,
				DEB6C2901C39CB1500F3A9D9 /* LaunchScreen.storyboard */,
				DEB6C2931C39CB1500F3A9D9 /* Info.plist */,
			);
			path = PickThree;
			sourceTree = "<group>";
		};
/* End PBXGroup section */

/* Begin PBXNativeTarget section */
		DEB6C2831C39CB1500F3A9D9 /* PickThree */ = {
			isa = PBXNativeTarget;
			buildConfigurationList = DEB6C2961C39CB1500F3A9D9 /* Build configuration list for PBXNativeTarget "PickThree" */;
			buildPhases = (
				DEB6C2801C39CB1500F3A9D9 /* Sources */,
				DEB6C2811C39CB1500F3A9D9 /* Frameworks */,
				DEB6C2821C39CB1500F3A9D9 /* Resources */,
			);
			buildRules = (
			);
			dependencies = (
			);
			name = PickThree;
			productName = PickThree;
			productReference = DEB6C2841C39CB1500F3A9D9 /* PickThree.app */;
			productType = "com.apple.product-type.application";
		};
/* End PBXNativeTarget section */

/* Begin PBXProject section */
		DEB6C27C1C39CB1500F3A9D9 /* Project object */ = {
			isa = PBXProject;
			attributes = {
				LastSwiftUpdateCheck = 0720;
				LastUpgradeCheck = 0720;
				ORGANIZATIONNAME = HashRocket;
				TargetAttributes = {
					DEB6C2831C39CB1500F3A9D9 = {
						CreatedOnToolsVersion = 7.2;
					};
				};
			};
			buildConfigurationList = DEB6C27F1C39CB1500F3A9D9 /* Build configuration list for PBXProject "PickThree" */;
			compatibilityVersion = "Xcode 3.2";
			developmentRegion = English;
			hasScannedForEncodings = 0;
			knownRegions = (
				en,
				Base,
			);
			mainGroup = DEB6C27B1C39CB1500F3A9D9;
			productRefGroup = DEB6C2851C39CB1500F3A9D9 /* Products */;
			projectDirPath = "";
			projectRoot = "";
			targets = (
				DEB6C2831C39CB1500F3A9D9 /* PickThree */,
			);
		};
/* End PBXProject section */

/* Begin PBXResourcesBuildPhase section */
		DEB6C2821C39CB1500F3A9D9 /* Resources */ = {
			isa = PBXResourcesBuildPhase;
			buildActionMask = 2147483647;
			files = (
				DEB6C2921C39CB1500F3A9D9 /* LaunchScreen.storyboard in Resources */,
				DEB6C28F1C39CB1500F3A9D9 /* Assets.xcassets in Resources */,
				DEB6C28D1C39CB1500F3A9D9 /* Main.storyboard in Resources */,
			);
			runOnlyForDeploymentPostprocessing = 0;
		};
/* End PBXResourcesBuildPhase section */

/* Begin PBXSourcesBuildPhase section */
		DEB6C2801C39CB1500F3A9D9 /* Sources */ = {
			isa = PBXSourcesBuildPhase;
			buildActionMask = 2147483647;
			files = (
				DEB6C28A1C39CB1500F3A9D9 /* ViewController.swift in Sources */,
				DEB6C2881C39CB1500F3A9D9 /* AppDelegate.swift in Sources */,
			);
			runOnlyForDeploymentPostprocessing = 0;
		};
/* End PBXSourcesBuildPhase section */

/* Begin PBXVariantGroup section */
		DEB6C28B1C39CB1500F3A9D9 /* Main.storyboard */ = {
			isa = PBXVariantGroup;
			children = (
				DEB6C28C1C39CB1500F3A9D9 /* Base */,
			);
			name = Main.storyboard;
			sourceTree = "<group>";
		};
		DEB6C2901C39CB1500F3A9D9 /* LaunchScreen.storyboard */ = {
			isa = PBXVariantGroup;
			children = (
				DEB6C2911C39CB1500F3A9D9 /* Base */,
			);
			name = LaunchScreen.storyboard;
			sourceTree = "<group>";
		};
/* End PBXVariantGroup section */

/* Begin XCBuildConfiguration section */
		DEB6C2941C39CB1500F3A9D9 /* Debug */ = {
			isa = XCBuildConfiguration;
			buildSettings = {
				ALWAYS_SEARCH_USER_PATHS = NO;
				CLANG_CXX_LANGUAGE_STANDARD = "gnu++0x";
				CLANG_CXX_LIBRARY = "libc++";
				CLANG_ENABLE_MODULES = YES;
				CLANG_ENABLE_OBJC_ARC = YES;
				CLANG_WARN_BOOL_CONVERSION = YES;
				CLANG_WARN_CONSTANT_CONVERSION = YES;
				CLANG_WARN_DIRECT_OBJC_ISA_USAGE = YES_ERROR;
				CLANG_WARN_EMPTY_BODY = YES;
				CLANG_WARN_ENUM_CONVERSION = YES;
				CLANG_WARN_INT_CONVERSION = YES;
				CLANG_WARN_OBJC_ROOT_CLASS = YES_ERROR;
				CLANG_WARN_UNREACHABLE_CODE = YES;
				CLANG_WARN__DUPLICATE_METHOD_MATCH = YES;
				"CODE_SIGN_IDENTITY[sdk=iphoneos*]" = "iPhone Developer";
				COPY_PHASE_STRIP = NO;
				DEBUG_INFORMATION_FORMAT = dwarf;
				ENABLE_STRICT_OBJC_MSGSEND = YES;
				ENABLE_TESTABILITY = YES;
				GCC_C_LANGUAGE_STANDARD = gnu99;
				GCC_DYNAMIC_NO_PIC = NO;
				GCC_NO_COMMON_BLOCKS = YES;
				GCC_OPTIMIZATION_LEVEL = 0;
				GCC_PREPROCESSOR_DEFINITIONS = (
					"DEBUG=1",
					"$(inherited)",
				);
				GCC_WARN_64_TO_32_BIT_CONVERSION = YES;
				GCC_WARN_ABOUT_RETURN_TYPE = YES_ERROR;
				GCC_WARN_UNDECLARED_SELECTOR = YES;
				GCC_WARN_UNINITIALIZED_AUTOS = YES_AGGRESSIVE;
				GCC_WARN_UNUSED_FUNCTION = YES;
				GCC_WARN_UNUSED_VARIABLE = YES;
				IPHONEOS_DEPLOYMENT_TARGET = 9.2;
				MTL_ENABLE_DEBUG_INFO = YES;
				ONLY_ACTIVE_ARCH = YES;
				SDKROOT = iphoneos;
				SWIFT_OPTIMIZATION_LEVEL = "-Onone";
			};
			name = Debug;
		};
		DEB6C2951C39CB1500F3A9D9 /* Release */ = {
			isa = XCBuildConfiguration;
			buildSettings = {
				ALWAYS_SEARCH_USER_PATHS = NO;
				CLANG_CXX_LANGUAGE_STANDARD = "gnu++0x";
				CLANG_CXX_LIBRARY = "libc++";
				CLANG_ENABLE_MODULES = YES;
				CLANG_ENABLE_OBJC_ARC = YES;
				CLANG_WARN_BOOL_CONVERSION = YES;
				CLANG_WARN_CONSTANT_CONVERSION = YES;
				CLANG_WARN_DIRECT_OBJC_ISA_USAGE = YES_ERROR;
				CLANG_WARN_EMPTY_BODY = YES;
				CLANG_WARN_ENUM_CONVERSION = YES;
				CLANG_WARN_INT_CONVERSION = YES;
				CLANG_WARN_OBJC_ROOT_CLASS = YES_ERROR;
				CLANG_WARN_UNREACHABLE_CODE = YES;
				CLANG_WARN__DUPLICATE_METHOD_MATCH = YES;
				"CODE_SIGN_IDENTITY[sdk=iphoneos*]" = "iPhone Developer";
				COPY_PHASE_STRIP = NO;
				DEBUG_INFORMATION_FORMAT = "dwarf-with-dsym";
				ENABLE_NS_ASSERTIONS = NO;
				ENABLE_STRICT_OBJC_MSGSEND = YES;
				GCC_C_LANGUAGE_STANDARD = gnu99;
				GCC_NO_COMMON_BLOCKS = YES;
				GCC_WARN_64_TO_32_BIT_CONVERSION = YES;
				GCC_WARN_ABOUT_RETURN_TYPE = YES_ERROR;
				GCC_WARN_UNDECLARED_SELECTOR = YES;
				GCC_WARN_UNINITIALIZED_AUTOS = YES_AGGRESSIVE;
				GCC_WARN_UNUSED_FUNCTION = YES;
				GCC_WARN_UNUSED_VARIABLE = YES;
				IPHONEOS_DEPLOYMENT_TARGET = 9.2;
				MTL_ENABLE_DEBUG_INFO = NO;
				SDKROOT = iphoneos;
				VALIDATE_PRODUCT = YES;
			};
			name = Release;
		};
		DEB6C2971C39CB1500F3A9D9 /* Debug */ = {
			isa = XCBuildConfiguration;
			buildSettings = {
				ASSETCATALOG_COMPILER_APPICON_NAME = AppIcon;
				INFOPLIST_FILE = PickThree/Info.plist;
				LD_RUNPATH_SEARCH_PATHS = "$(inherited) @executable_path/Frameworks";
				PRODUCT_BUNDLE_IDENTIFIER = "Chaos-Elevators--Inc.PickThree";
				PRODUCT_NAME = "$(TARGET_NAME)";
			};
			name = Debug;
		};
		DEB6C2981C39CB1500F3A9D9 /* Release */ = {
			isa = XCBuildConfiguration;
			buildSettings = {
				ASSETCATALOG_COMPILER_APPICON_NAME = AppIcon;
				INFOPLIST_FILE = PickThree/Info.plist;
				LD_RUNPATH_SEARCH_PATHS = "$(inherited) @executable_path/Frameworks";
				PRODUCT_BUNDLE_IDENTIFIER = "Chaos-Elevators--Inc.PickThree";
				PRODUCT_NAME = "$(TARGET_NAME)";
			};
			name = Release;
		};
/* End XCBuildConfiguration section */

/* Begin XCConfigurationList section */
		DEB6C27F1C39CB1500F3A9D9 /* Build configuration list for PBXProject "PickThree" */ = {
			isa = XCConfigurationList;
			buildConfigurations = (
				DEB6C2941C39CB1500F3A9D9 /* Debug */,
				DEB6C2951C39CB1500F3A9D9 /* Release */,
			);
			defaultConfigurationIsVisible = 0;
			defaultConfigurationName = Release;
		};
		DEB6C2961C39CB1500F3A9D9 /* Build configuration list for PBXNativeTarget "PickThree" */ = {
			isa = XCConfigurationList;
			buildConfigurations = (
				DEB6C2971C39CB1500F3A9D9 /* Debug */,
				DEB6C2981C39CB1500F3A9D9 /* Release */,
			);
			defaultConfigurationIsVisible = 0;
		};
/* End XCConfigurationList section */
	};
	rootObject = DEB6C27C1C39CB1500F3A9D9 /* Project object */;
}
